
Microsoft Visual Studio Solution File, Format Version 12.00
# Visual Studio 15
VisualStudioVersion = 15.0.28307.902
MinimumVisualStudioVersion = 10.0.40219.1
Project("{FAE04EC0-301F-11D3-BF4B-00C04F79EFBC}") = "ClientTCP", "ClientTCP\ClientTCP.csproj", "{BE9960A6-FFA9-44D3-B76D-76043B895853}"
EndProject
Global
	GlobalSection(SolutionConfigurationPlatforms) = preSolution
		Debug|Any CPU = Debug|Any CPU
		Release|Any CPU = Release|Any CPU
	EndGlobalSection
	GlobalSection(ProjectConfigurationPlatforms) = postSolution
		{BE9960A6-FFA9-44D3-B76D-76043B895853}.Debug|Any CPU.ActiveCfg = Debug|Any CPU
		{BE9960A6-FFA9-44D3-B76D-76043B895853}.Debug|Any CPU.Build.0 = Debug|Any CPU
		{BE9960A6-FFA9-44D3-B76D-76043B895853}.Release|Any CPU.ActiveCfg = Release|Any CPU
		{BE9960A6-FFA9-44D3-B76D-76043B895853}.Release|Any CPU.Build.0 = Release|Any CPU
	EndGlobalSection
	GlobalSection(SolutionProperties) = preSolution
		HideSolutionNode = FALSE
	EndGlobalSection
	GlobalSection(ExtensibilityGlobals) = postSolution
		SolutionGuid = {1347B5D4-7C61-4D48-A610-9221E1C7799F}
	EndGlobalSection
EndGlobal
