
Microsoft Visual Studio Solution File, Format Version 12.00
# Visual Studio 15
VisualStudioVersion = 15.0.28307.902
MinimumVisualStudioVersion = 10.0.40219.1
Project("{FAE04EC0-301F-11D3-BF4B-00C04F79EFBC}") = "XMLsource", "XMLsource\XMLsource.csproj", "{088739C6-B265-4762-B910-A05E5881E606}"
EndProject
Global
	GlobalSection(SolutionConfigurationPlatforms) = preSolution
		Debug|Any CPU = Debug|Any CPU
		Release|Any CPU = Release|Any CPU
	EndGlobalSection
	GlobalSection(ProjectConfigurationPlatforms) = postSolution
		{088739C6-B265-4762-B910-A05E5881E606}.Debug|Any CPU.ActiveCfg = Debug|Any CPU
		{088739C6-B265-4762-B910-A05E5881E606}.Debug|Any CPU.Build.0 = Debug|Any CPU
		{088739C6-B265-4762-B910-A05E5881E606}.Release|Any CPU.ActiveCfg = Release|Any CPU
		{088739C6-B265-4762-B910-A05E5881E606}.Release|Any CPU.Build.0 = Release|Any CPU
	EndGlobalSection
	GlobalSection(SolutionProperties) = preSolution
		HideSolutionNode = FALSE
	EndGlobalSection
	GlobalSection(ExtensibilityGlobals) = postSolution
		SolutionGuid = {10445EC9-8B62-4785-9A28-CD473E704304}
	EndGlobalSection
EndGlobal
